
Microsoft Visual Studio Solution File, Format Version 12.00
# Visual Studio Version 16
VisualStudioVersion = 16.0.29409.12
MinimumVisualStudioVersion = 10.0.40219.1
Project("{8BC9CEB8-8B4A-11D0-8D11-00A0C91BC942}") = "DllFuncExportInSecure", "DllFuncExportInSecure\DllFuncExportInSecure.vcxproj", "{BA70BF3B-B033-4B56-92D1-7ACACEDA8207}"
EndProject
Project("{8BC9CEB8-8B4A-11D0-8D11-00A0C91BC942}") = "SampleApp", "SampleApp\SampleApp.vcxproj", "{9A06CA05-C123-42BF-9CFC-BBF99B8F94A5}"
EndProject
Global
	GlobalSection(SolutionConfigurationPlatforms) = preSolution
		Debug|x64 = Debug|x64
		Debug|x86 = Debug|x86
		Release|x64 = Release|x64
		Release|x86 = Release|x86
	EndGlobalSection
	GlobalSection(ProjectConfigurationPlatforms) = postSolution
		{BA70BF3B-B033-4B56-92D1-7ACACEDA8207}.Debug|x64.ActiveCfg = Debug|x64
		{BA70BF3B-B033-4B56-92D1-7ACACEDA8207}.Debug|x64.Build.0 = Debug|x64
		{BA70BF3B-B033-4B56-92D1-7ACACEDA8207}.Debug|x86.ActiveCfg = Debug|Win32
		{BA70BF3B-B033-4B56-92D1-7ACACEDA8207}.Debug|x86.Build.0 = Debug|Win32
		{BA70BF3B-B033-4B56-92D1-7ACACEDA8207}.Release|x64.ActiveCfg = Release|x64
		{BA70BF3B-B033-4B56-92D1-7ACACEDA8207}.Release|x64.Build.0 = Release|x64
		{BA70BF3B-B033-4B56-92D1-7ACACEDA8207}.Release|x86.ActiveCfg = Release|Win32
		{BA70BF3B-B033-4B56-92D1-7ACACEDA8207}.Release|x86.Build.0 = Release|Win32
		{9A06CA05-C123-42BF-9CFC-BBF99B8F94A5}.Debug|x64.ActiveCfg = Debug|x64
		{9A06CA05-C123-42BF-9CFC-BBF99B8F94A5}.Debug|x64.Build.0 = Debug|x64
		{9A06CA05-C123-42BF-9CFC-BBF99B8F94A5}.Debug|x86.ActiveCfg = Debug|Win32
		{9A06CA05-C123-42BF-9CFC-BBF99B8F94A5}.Debug|x86.Build.0 = Debug|Win32
		{9A06CA05-C123-42BF-9CFC-BBF99B8F94A5}.Release|x64.ActiveCfg = Release|x64
		{9A06CA05-C123-42BF-9CFC-BBF99B8F94A5}.Release|x64.Build.0 = Release|x64
		{9A06CA05-C123-42BF-9CFC-BBF99B8F94A5}.Release|x86.ActiveCfg = Release|Win32
		{9A06CA05-C123-42BF-9CFC-BBF99B8F94A5}.Release|x86.Build.0 = Release|Win32
	EndGlobalSection
	GlobalSection(SolutionProperties) = preSolution
		HideSolutionNode = FALSE
	EndGlobalSection
	GlobalSection(ExtensibilityGlobals) = postSolution
		SolutionGuid = {1E93DE34-6A19-44EE-8EA5-B98B48F45BC3}
	EndGlobalSection
EndGlobal
